
Microsoft Visual Studio Solution File, Format Version 12.00
# Visual Studio Version 17
VisualStudioVersion = 17.14.37502.11 d17.14
MinimumVisualStudioVersion = 10.0.40219.1
Project("{FAE04EC0-301F-11D3-BF4B-00C04F79EFBC}") = "SusamUretim.Web", "SusamUretim.Web.csproj", "{0A1B893F-87B5-FD7B-F260-96564E3BDEA9}"
EndProject
Global
	GlobalSection(SolutionConfigurationPlatforms) = preSolution
		Debug|Any CPU = Debug|Any CPU
		Release|Any CPU = Release|Any CPU
	EndGlobalSection
	GlobalSection(ProjectConfigurationPlatforms) = postSolution
		{0A1B893F-87B5-FD7B-F260-96564E3BDEA9}.Debug|Any CPU.ActiveCfg = Debug|Any CPU
		{0A1B893F-87B5-FD7B-F260-96564E3BDEA9}.Debug|Any CPU.Build.0 = Debug|Any CPU
		{0A1B893F-87B5-FD7B-F260-96564E3BDEA9}.Release|Any CPU.ActiveCfg = Release|Any CPU
		{0A1B893F-87B5-FD7B-F260-96564E3BDEA9}.Release|Any CPU.Build.0 = Release|Any CPU
	EndGlobalSection
	GlobalSection(SolutionProperties) = preSolution
		HideSolutionNode = FALSE
	EndGlobalSection
	GlobalSection(ExtensibilityGlobals) = postSolution
		SolutionGuid = {DD7F23C1-1E79-4819-AE24-12330ABFB3D1}
	EndGlobalSection
EndGlobal
